speakeasyVersion: 1.448.0
sources:
    bolt-csharp-api:
        sourceNamespace: bolt-csharp-api
        sourceRevisionDigest: sha256:539bafcd23aedcb7bdcc67c61a97cd1e0c65a1d1a2d57d739f0c0a1073025732
        sourceBlobDigest: sha256:6a2aeb90866b3a655e132aaf94933f5edeb2b5d182423e38c1fde6af06d74aed
        tags:
            - latest
            - speakeasy-sdk-regen-1732667414
            - 3.2.5
targets:
    bolt-sdk:
        source: bolt-csharp-api
        sourceNamespace: bolt-csharp-api
        sourceRevisionDigest: sha256:539bafcd23aedcb7bdcc67c61a97cd1e0c65a1d1a2d57d739f0c0a1073025732
        sourceBlobDigest: sha256:6a2aeb90866b3a655e132aaf94933f5edeb2b5d182423e38c1fde6af06d74aed
        codeSamplesNamespace: bolt-csharp-api-code-samples
        codeSamplesRevisionDigest: sha256:d2f4eaf74c2442ae4de0cf4a885c019a3c918e0f4eddc11ebb993c834ddacfc0
workflow:
    workflowVersion: 1.0.0
    speakeasyVersion: latest
    sources:
        bolt-csharp-api:
            inputs:
                - location: https://api-docs.bolt.com/api.bundle.yaml
            registry:
                location: registry.speakeasyapi.dev/bolt/boltpublicapi/bolt-csharp-api
    targets:
        bolt-sdk:
            target: csharp
            source: bolt-csharp-api
            codeSamples:
                registry:
                    location: registry.speakeasyapi.dev/bolt/boltpublicapi/bolt-csharp-api-code-samples
                blocking: false
