speakeasyVersion: 1.421.2
sources:
    bolt-csharp-api:
        sourceNamespace: bolt-csharp-api
        sourceRevisionDigest: sha256:e6d1652183b280c58d60fd08b6c61af949eedae16c2132d08f6c24654f2e12d0
        sourceBlobDigest: sha256:27ef8260eccf290aa1e165a587971b1472681ad89653dbbf18fcaf785d2f22b2
        tags:
            - latest
            - master
targets:
    bolt-sdk:
        source: bolt-csharp-api
        sourceNamespace: bolt-csharp-api
        sourceRevisionDigest: sha256:e6d1652183b280c58d60fd08b6c61af949eedae16c2132d08f6c24654f2e12d0
        sourceBlobDigest: sha256:27ef8260eccf290aa1e165a587971b1472681ad89653dbbf18fcaf785d2f22b2
workflow:
    workflowVersion: 1.0.0
    speakeasyVersion: latest
    sources:
        bolt-csharp-api:
            inputs:
                - location: https://api-docs.bolt.com/api.bundle.yaml
            registry:
                location: registry.speakeasyapi.dev/bolt/boltpublicapi/bolt-csharp-api
    targets:
        bolt-sdk:
            target: csharp
            source: bolt-csharp-api
